
Microsoft Visual Studio Solution File, Format Version 12.00
# Visual Studio Version 17
VisualStudioVersion = 17.9.34714.143
MinimumVisualStudioVersion = 10.0.40219.1
Project("{2150E333-8FDC-42A3-9474-1A3956D46DE8}") = "Core", "Core", "{0F4DF469-BF6A-4DEC-9239-5E3D4ABD31E4}"
EndProject
Project("{2150E333-8FDC-42A3-9474-1A3956D46DE8}") = "Infrastructure", "Infrastructure", "{CB14FFC9-0EB3-44F6-839E-AC3BCA530F2B}"
EndProject
Project("{2150E333-8FDC-42A3-9474-1A3956D46DE8}") = "Presentation", "Presentation", "{A3186FA2-4152-4EB0-9042-F384A621FAC5}"
EndProject
Project("{FAE04EC0-301F-11D3-BF4B-00C04F79EFBC}") = "Infrastructure", "Infrastructure\Infrastructure\Infrastructure.csproj", "{D921E29D-A175-4761-8357-7A1F87593205}"
EndProject
Project("{FAE04EC0-301F-11D3-BF4B-00C04F79EFBC}") = "Persistance", "Infrastructure\Persistance\Persistance.csproj", "{5B6393A8-D7D1-475F-AA4F-6A096DC9FD8D}"
EndProject
Project("{FAE04EC0-301F-11D3-BF4B-00C04F79EFBC}") = "Application", "Core\Application\Application.csproj", "{10C8568F-5412-4430-B07D-09B081A2CFC3}"
EndProject
Project("{FAE04EC0-301F-11D3-BF4B-00C04F79EFBC}") = "Domain", "Core\Domain\Domain.csproj", "{AE34FAEE-8AE5-4F30-8F94-18CE97CC603C}"
EndProject
Project("{FAE04EC0-301F-11D3-BF4B-00C04F79EFBC}") = "FormProjectPresenter", "Presentation\FormProjectPresenter\FormProjectPresenter.csproj", "{CA6EE05F-EBBA-4F29-A3AD-809D86DB8C13}"
EndProject
Global
	GlobalSection(SolutionConfigurationPlatforms) = preSolution
		Debug|Any CPU = Debug|Any CPU
		Release|Any CPU = Release|Any CPU
	EndGlobalSection
	GlobalSection(ProjectConfigurationPlatforms) = postSolution
		{D921E29D-A175-4761-8357-7A1F87593205}.Debug|Any CPU.ActiveCfg = Debug|Any CPU
		{D921E29D-A175-4761-8357-7A1F87593205}.Debug|Any CPU.Build.0 = Debug|Any CPU
		{D921E29D-A175-4761-8357-7A1F87593205}.Release|Any CPU.ActiveCfg = Release|Any CPU
		{D921E29D-A175-4761-8357-7A1F87593205}.Release|Any CPU.Build.0 = Release|Any CPU
		{5B6393A8-D7D1-475F-AA4F-6A096DC9FD8D}.Debug|Any CPU.ActiveCfg = Debug|Any CPU
		{5B6393A8-D7D1-475F-AA4F-6A096DC9FD8D}.Debug|Any CPU.Build.0 = Debug|Any CPU
		{5B6393A8-D7D1-475F-AA4F-6A096DC9FD8D}.Release|Any CPU.ActiveCfg = Release|Any CPU
		{5B6393A8-D7D1-475F-AA4F-6A096DC9FD8D}.Release|Any CPU.Build.0 = Release|Any CPU
		{10C8568F-5412-4430-B07D-09B081A2CFC3}.Debug|Any CPU.ActiveCfg = Debug|Any CPU
		{10C8568F-5412-4430-B07D-09B081A2CFC3}.Debug|Any CPU.Build.0 = Debug|Any CPU
		{10C8568F-5412-4430-B07D-09B081A2CFC3}.Release|Any CPU.ActiveCfg = Release|Any CPU
		{10C8568F-5412-4430-B07D-09B081A2CFC3}.Release|Any CPU.Build.0 = Release|Any CPU
		{AE34FAEE-8AE5-4F30-8F94-18CE97CC603C}.Debug|Any CPU.ActiveCfg = Debug|Any CPU
		{AE34FAEE-8AE5-4F30-8F94-18CE97CC603C}.Debug|Any CPU.Build.0 = Debug|Any CPU
		{AE34FAEE-8AE5-4F30-8F94-18CE97CC603C}.Release|Any CPU.ActiveCfg = Release|Any CPU
		{AE34FAEE-8AE5-4F30-8F94-18CE97CC603C}.Release|Any CPU.Build.0 = Release|Any CPU
		{CA6EE05F-EBBA-4F29-A3AD-809D86DB8C13}.Debug|Any CPU.ActiveCfg = Debug|Any CPU
		{CA6EE05F-EBBA-4F29-A3AD-809D86DB8C13}.Debug|Any CPU.Build.0 = Debug|Any CPU
		{CA6EE05F-EBBA-4F29-A3AD-809D86DB8C13}.Release|Any CPU.ActiveCfg = Release|Any CPU
		{CA6EE05F-EBBA-4F29-A3AD-809D86DB8C13}.Release|Any CPU.Build.0 = Release|Any CPU
	EndGlobalSection
	GlobalSection(SolutionProperties) = preSolution
		HideSolutionNode = FALSE
	EndGlobalSection
	GlobalSection(NestedProjects) = preSolution
		{D921E29D-A175-4761-8357-7A1F87593205} = {CB14FFC9-0EB3-44F6-839E-AC3BCA530F2B}
		{5B6393A8-D7D1-475F-AA4F-6A096DC9FD8D} = {CB14FFC9-0EB3-44F6-839E-AC3BCA530F2B}
		{10C8568F-5412-4430-B07D-09B081A2CFC3} = {0F4DF469-BF6A-4DEC-9239-5E3D4ABD31E4}
		{AE34FAEE-8AE5-4F30-8F94-18CE97CC603C} = {0F4DF469-BF6A-4DEC-9239-5E3D4ABD31E4}
		{CA6EE05F-EBBA-4F29-A3AD-809D86DB8C13} = {A3186FA2-4152-4EB0-9042-F384A621FAC5}
	EndGlobalSection
	GlobalSection(ExtensibilityGlobals) = postSolution
		SolutionGuid = {38E6B67E-32CC-4543-90A8-AC4CB18F9F01}
	EndGlobalSection
EndGlobal
